// !$*UTF8*$!
{
	archiveVersion = 1;
	classes = {
	};
	objectVersion = 48;
	objects = {

/* Begin PBXBuildFile section */
		4D114D982600CEBC00F8A6F1 /* libqpdf.28.dylib in Frameworks */ = {isa = PBXBuildFile; fileRef = 4D114D972600CEBC00F8A6F1 /* libqpdf.28.dylib */; };
		4D147B9125AAA8A7001AB1A3 /* corepdf.m in Sources */ = {isa = PBXBuildFile; fileRef = 4D36C04925A2CF75007E0EAD /* corepdf.m */; };
		4D147B9925ADD824001AB1A3 /* parsepdf.mm in Sources */ = {isa = PBXBuildFile; fileRef = 4D147B9825ADD824001AB1A3 /* parsepdf.mm */; };
		4D147B9F25B06A04001AB1A3 /* Quartz.framework in Frameworks */ = {isa = PBXBuildFile; fileRef = 4D147B9E25B06A04001AB1A3 /* Quartz.framework */; };
		4D163CF525987A1F00C8C7D3 /* Arguments.m in Sources */ = {isa = PBXBuildFile; fileRef = 4D163CF325987A1F00C8C7D3 /* Arguments.m */; };
		4D163CF825987C0000C8C7D3 /* Foundation.framework in Frameworks */ = {isa = PBXBuildFile; fileRef = 4D163CF725987C0000C8C7D3 /* Foundation.framework */; };
		4D163CFA25987C0900C8C7D3 /* CoreGraphics.framework in Frameworks */ = {isa = PBXBuildFile; fileRef = 4D163CF925987C0900C8C7D3 /* CoreGraphics.framework */; };
		4D2BFD4C25D38D8C00F8128E /* testPdfTracer.m in Sources */ = {isa = PBXBuildFile; fileRef = 4D2BFD4B25D38D8C00F8128E /* testPdfTracer.m */; };
		4D2BFD5825D3943B00F8128E /* testDocumentController.mm in Sources */ = {isa = PBXBuildFile; fileRef = 4D2BFD5725D3943B00F8128E /* testDocumentController.mm */; };
		4D2BFD5D25D39E5D00F8128E /* QPDFDocumentController.m in Sources */ = {isa = PBXBuildFile; fileRef = 4D638AE325C2DBBB00BAB433 /* QPDFDocumentController.m */; };
		4D2BFD5E25D3B2F200F8128E /* QPDFDocument.m in Sources */ = {isa = PBXBuildFile; fileRef = 4D638AE125C2C84200BAB433 /* QPDFDocument.m */; };
		4D2BFD5F25D3B3BD00F8128E /* QPDFWindowController.m in Sources */ = {isa = PBXBuildFile; fileRef = 4D5BEC2725C58A96006CBE02 /* QPDFWindowController.m */; };
		4D2BFD6225D3D22700F8128E /* ObjcQPDF.mm in Sources */ = {isa = PBXBuildFile; fileRef = 4D2BFD6125D3D22700F8128E /* ObjcQPDF.mm */; };
		4D2BFD6525D3DE6000F8128E /* ObjcQPDFObjectHandle.mm in Sources */ = {isa = PBXBuildFile; fileRef = 4D2BFD6325D3DE6000F8128E /* ObjcQPDFObjectHandle.mm */; };
		4D36C05925A2D445007E0EAD /* genpdf.m in Sources */ = {isa = PBXBuildFile; fileRef = 4D36C04C25A2CFDD007E0EAD /* genpdf.m */; };
		4D36C05A25A2D49B007E0EAD /* Arguments.m in Sources */ = {isa = PBXBuildFile; fileRef = 4D163CF325987A1F00C8C7D3 /* Arguments.m */; };
		4D3A6B9425BAADB500B22499 /* QPDFNode.m in Sources */ = {isa = PBXBuildFile; fileRef = 4D3A6B9325BAADB500B22499 /* QPDFNode.m */; };
		4D3A6B9A25BD8E0600B22499 /* OutlineQPDFObj.m in Sources */ = {isa = PBXBuildFile; fileRef = 4D3A6B9925BD8E0600B22499 /* OutlineQPDFObj.m */; };
		4D3A6B9D25BD98DD00B22499 /* OutlineQPDFPage.m in Sources */ = {isa = PBXBuildFile; fileRef = 4D3A6B9C25BD98DD00B22499 /* OutlineQPDFPage.m */; };
		4D5450E025C5310800ED6F54 /* OutlineQPDF.m in Sources */ = {isa = PBXBuildFile; fileRef = 4D5450DF25C5310700ED6F54 /* OutlineQPDF.m */; };
		4D5BEC2825C58A96006CBE02 /* QPDFWindowController.m in Sources */ = {isa = PBXBuildFile; fileRef = 4D5BEC2725C58A96006CBE02 /* QPDFWindowController.m */; };
		4D5BEC3025CD5887006CBE02 /* testqpdf.mm in Sources */ = {isa = PBXBuildFile; fileRef = 4D5BEC2F25CD5887006CBE02 /* testqpdf.mm */; };
		4D5BEC3E25CEB443006CBE02 /* QPDFOutlineView.m in Sources */ = {isa = PBXBuildFile; fileRef = 4D5BEC3C25CEB443006CBE02 /* QPDFOutlineView.m */; };
		4D5BEC6425D276AD006CBE02 /* QPDFMenu.m in Sources */ = {isa = PBXBuildFile; fileRef = 4D5BEC6325D276AD006CBE02 /* QPDFMenu.m */; };
		4D638AE225C2C84200BAB433 /* QPDFDocument.m in Sources */ = {isa = PBXBuildFile; fileRef = 4D638AE125C2C84200BAB433 /* QPDFDocument.m */; };
		4D638AE425C2DBBB00BAB433 /* QPDFDocumentController.m in Sources */ = {isa = PBXBuildFile; fileRef = 4D638AE325C2DBBB00BAB433 /* QPDFDocumentController.m */; };
		4D7BAF3025FB43AA00432F33 /* QPDFSegmentedCell.m in Sources */ = {isa = PBXBuildFile; fileRef = 4D7BAF2E25FB43AA00432F33 /* QPDFSegmentedCell.m */; };
		4D8EE7012598A230008D2DA2 /* Arguments.m in Sources */ = {isa = PBXBuildFile; fileRef = 4D163CF325987A1F00C8C7D3 /* Arguments.m */; };
		4D8EE71A2598A282008D2DA2 /* Arguments.m in Sources */ = {isa = PBXBuildFile; fileRef = 4D163CF325987A1F00C8C7D3 /* Arguments.m */; };
		4D8EE71D2598A4A2008D2DA2 /* AppKit.framework in Frameworks */ = {isa = PBXBuildFile; fileRef = 4D8EE71C2598A4A1008D2DA2 /* AppKit.framework */; };
		4D8EE71E2598A4AC008D2DA2 /* Foundation.framework in Frameworks */ = {isa = PBXBuildFile; fileRef = 4D163CF725987C0000C8C7D3 /* Foundation.framework */; };
		4D8EE71F2598A4B5008D2DA2 /* CoreGraphics.framework in Frameworks */ = {isa = PBXBuildFile; fileRef = 4D163CF925987C0900C8C7D3 /* CoreGraphics.framework */; };
		4D8EE7202598A4C0008D2DA2 /* Foundation.framework in Frameworks */ = {isa = PBXBuildFile; fileRef = 4D163CF725987C0000C8C7D3 /* Foundation.framework */; };
		4D8EE7212598A4C9008D2DA2 /* CoreGraphics.framework in Frameworks */ = {isa = PBXBuildFile; fileRef = 4D163CF925987C0900C8C7D3 /* CoreGraphics.framework */; };
		4D8EE7222598A51F008D2DA2 /* editor.m in Sources */ = {isa = PBXBuildFile; fileRef = 4D163D002598A0A000C8C7D3 /* editor.m */; };
		4D9CCA8725DA7EAA0003DF13 /* QPDFWindow.m in Sources */ = {isa = PBXBuildFile; fileRef = 4D9CCA8625DA7EAA0003DF13 /* QPDFWindow.m */; };
		4D9CCA8E25E51ADA0003DF13 /* QPDFHelp.m in Sources */ = {isa = PBXBuildFile; fileRef = 4D9CCA8D25E51ADA0003DF13 /* QPDFHelp.m */; };
		4DA54A60261858AC00CFE719 /* QPDFSyntaxHighlighter.m in Sources */ = {isa = PBXBuildFile; fileRef = 4DA54A5E261858AC00CFE719 /* QPDFSyntaxHighlighter.m */; };
/* End PBXBuildFile section */

/* Begin PBXCopyFilesBuildPhase section */
		4D163CE5259879ED00C8C7D3 /* CopyFiles */ = {
			isa = PBXCopyFilesBuildPhase;
			buildActionMask = 2147483647;
			dstPath = /usr/share/man/man1/;
			dstSubfolderSpec = 0;
			files = (
			);
			runOnlyForDeploymentPostprocessing = 1;
		};
		4D36C05025A2D43F007E0EAD /* CopyFiles */ = {
			isa = PBXCopyFilesBuildPhase;
			buildActionMask = 2147483647;
			dstPath = /usr/share/man/man1/;
			dstSubfolderSpec = 0;
			files = (
			);
			runOnlyForDeploymentPostprocessing = 1;
		};
		4D5BEC3325CD5951006CBE02 /* CopyFiles */ = {
			isa = PBXCopyFilesBuildPhase;
			buildActionMask = 2147483647;
			dstPath = /usr/share/man/man1/;
			dstSubfolderSpec = 0;
			files = (
			);
			runOnlyForDeploymentPostprocessing = 1;
		};
		4D8EE6F72598A21C008D2DA2 /* CopyFiles */ = {
			isa = PBXCopyFilesBuildPhase;
			buildActionMask = 2147483647;
			dstPath = /usr/share/man/man1/;
			dstSubfolderSpec = 0;
			files = (
			);
			runOnlyForDeploymentPostprocessing = 1;
		};
		4D8EE7112598A27C008D2DA2 /* CopyFiles */ = {
			isa = PBXCopyFilesBuildPhase;
			buildActionMask = 2147483647;
			dstPath = /usr/share/man/man1/;
			dstSubfolderSpec = 0;
			files = (
			);
			runOnlyForDeploymentPostprocessing = 1;
		};
/* End PBXCopyFilesBuildPhase section */

/* Begin PBXFileReference section */
		4D114D9625FECACA00F8A6F1 /* TestConstrants.xib */ = {isa = PBXFileReference; lastKnownFileType = file.xib; path = TestConstrants.xib; sourceTree = "<group>"; };
		4D114D972600CEBC00F8A6F1 /* libqpdf.28.dylib */ = {isa = PBXFileReference; lastKnownFileType = "compiled.mach-o.dylib"; name = libqpdf.28.dylib; path = ../../../../../usr/local/Cellar/qpdf/10.3.1/lib/libqpdf.28.dylib; sourceTree = "<group>"; };
		4D147B9825ADD824001AB1A3 /* parsepdf.mm */ = {isa = PBXFileReference; fileEncoding = 4; lastKnownFileType = sourcecode.cpp.objcpp; name = parsepdf.mm; path = ../../parsepdf.mm; sourceTree = "<group>"; };
		4D147B9E25B06A04001AB1A3 /* Quartz.framework */ = {isa = PBXFileReference; lastKnownFileType = wrapper.framework; name = Quartz.framework; path = System/Library/Frameworks/Quartz.framework; sourceTree = SDKROOT; };
		4D163CE7259879ED00C8C7D3 /* pdftracer */ = {isa = PBXFileReference; explicitFileType = "compiled.mach-o.executable"; includeInIndex = 0; path = pdftracer; sourceTree = BUILT_PRODUCTS_DIR; };
		4D163CF325987A1F00C8C7D3 /* Arguments.m */ = {isa = PBXFileReference; fileEncoding = 4; lastKnownFileType = sourcecode.c.objc; path = Arguments.m; sourceTree = "<group>"; };
		4D163CF425987A1F00C8C7D3 /* Arguments.h */ = {isa = PBXFileReference; fileEncoding = 4; lastKnownFileType = sourcecode.c.h; path = Arguments.h; sourceTree = "<group>"; };
		4D163CF725987C0000C8C7D3 /* Foundation.framework */ = {isa = PBXFileReference; lastKnownFileType = wrapper.framework; name = Foundation.framework; path = System/Library/Frameworks/Foundation.framework; sourceTree = SDKROOT; };
		4D163CF925987C0900C8C7D3 /* CoreGraphics.framework */ = {isa = PBXFileReference; lastKnownFileType = wrapper.framework; name = CoreGraphics.framework; path = System/Library/Frameworks/CoreGraphics.framework; sourceTree = SDKROOT; };
		4D163D002598A0A000C8C7D3 /* editor.m */ = {isa = PBXFileReference; explicitFileType = sourcecode.cpp.objcpp; fileEncoding = 4; path = editor.m; sourceTree = "<group>"; };
		4D2BFD4925D38D8C00F8128E /* testPdfTracer.xctest */ = {isa = PBXFileReference; explicitFileType = wrapper.cfbundle; includeInIndex = 0; path = testPdfTracer.xctest; sourceTree = BUILT_PRODUCTS_DIR; };
		4D2BFD4B25D38D8C00F8128E /* testPdfTracer.m */ = {isa = PBXFileReference; lastKnownFileType = sourcecode.c.objc; path = testPdfTracer.m; sourceTree = "<group>"; };
		4D2BFD4D25D38D8C00F8128E /* Info.plist */ = {isa = PBXFileReference; lastKnownFileType = text.plist.xml; path = Info.plist; sourceTree = "<group>"; };
		4D2BFD5525D3943B00F8128E /* testDocumentController.xctest */ = {isa = PBXFileReference; explicitFileType = wrapper.cfbundle; includeInIndex = 0; path = testDocumentController.xctest; sourceTree = BUILT_PRODUCTS_DIR; };
		4D2BFD5725D3943B00F8128E /* testDocumentController.mm */ = {isa = PBXFileReference; lastKnownFileType = sourcecode.cpp.objcpp; path = testDocumentController.mm; sourceTree = "<group>"; };
		4D2BFD5925D3943B00F8128E /* Info.plist */ = {isa = PBXFileReference; lastKnownFileType = text.plist.xml; path = Info.plist; sourceTree = "<group>"; };
		4D2BFD6025D3D22700F8128E /* ObjcQPDF.h */ = {isa = PBXFileReference; fileEncoding = 4; lastKnownFileType = sourcecode.c.h; path = ObjcQPDF.h; sourceTree = "<group>"; };
		4D2BFD6125D3D22700F8128E /* ObjcQPDF.mm */ = {isa = PBXFileReference; fileEncoding = 4; lastKnownFileType = sourcecode.cpp.objcpp; path = ObjcQPDF.mm; sourceTree = "<group>"; };
		4D2BFD6325D3DE6000F8128E /* ObjcQPDFObjectHandle.mm */ = {isa = PBXFileReference; fileEncoding = 4; lastKnownFileType = sourcecode.cpp.objcpp; path = ObjcQPDFObjectHandle.mm; sourceTree = "<group>"; };
		4D2BFD6425D3DE6000F8128E /* ObjcQPDFObjectHandle.h */ = {isa = PBXFileReference; fileEncoding = 4; lastKnownFileType = sourcecode.c.h; path = ObjcQPDFObjectHandle.h; sourceTree = "<group>"; };
		4D2BFD6625D486DA00F8128E /* ObjcQPDF.hh */ = {isa = PBXFileReference; fileEncoding = 4; lastKnownFileType = sourcecode.cpp.h; path = ObjcQPDF.hh; sourceTree = "<group>"; xcLanguageSpecificationIdentifier = xcode.lang.objcpp; };
		4D2BFD6725D486DA00F8128E /* ObjcQPDFObjectHandle.hh */ = {isa = PBXFileReference; fileEncoding = 4; lastKnownFileType = sourcecode.cpp.h; path = ObjcQPDFObjectHandle.hh; sourceTree = "<group>"; };
		4D36C04925A2CF75007E0EAD /* corepdf.m */ = {isa = PBXFileReference; lastKnownFileType = sourcecode.c.objc; path = corepdf.m; sourceTree = "<group>"; };
		4D36C04C25A2CFDD007E0EAD /* genpdf.m */ = {isa = PBXFileReference; fileEncoding = 4; lastKnownFileType = sourcecode.c.objc; name = genpdf.m; path = "/Users/mark/Documents/20200605-pdftext/pdftracerProject/../genpdf.m"; sourceTree = "<absolute>"; };
		4D36C05225A2D43F007E0EAD /* genpdf */ = {isa = PBXFileReference; explicitFileType = "compiled.mach-o.executable"; includeInIndex = 0; path = genpdf; sourceTree = BUILT_PRODUCTS_DIR; };
		4D3A6B9225BAADB500B22499 /* QPDFNode.h */ = {isa = PBXFileReference; fileEncoding = 4; lastKnownFileType = sourcecode.c.h; path = QPDFNode.h; sourceTree = "<group>"; };
		4D3A6B9325BAADB500B22499 /* QPDFNode.m */ = {isa = PBXFileReference; fileEncoding = 4; lastKnownFileType = sourcecode.c.objc; path = QPDFNode.m; sourceTree = "<group>"; };
		4D3A6B9825BD8E0600B22499 /* OutlineQPDFObj.h */ = {isa = PBXFileReference; fileEncoding = 4; lastKnownFileType = sourcecode.c.h; path = OutlineQPDFObj.h; sourceTree = "<group>"; };
		4D3A6B9925BD8E0600B22499 /* OutlineQPDFObj.m */ = {isa = PBXFileReference; fileEncoding = 4; lastKnownFileType = sourcecode.c.objc; path = OutlineQPDFObj.m; sourceTree = "<group>"; };
		4D3A6B9B25BD98DD00B22499 /* OutlineQPDFPage.h */ = {isa = PBXFileReference; fileEncoding = 4; lastKnownFileType = sourcecode.c.h; path = OutlineQPDFPage.h; sourceTree = "<group>"; };
		4D3A6B9C25BD98DD00B22499 /* OutlineQPDFPage.m */ = {isa = PBXFileReference; fileEncoding = 4; lastKnownFileType = sourcecode.c.objc; path = OutlineQPDFPage.m; sourceTree = "<group>"; };
		4D5450DD25C52A5600ED6F54 /* QPDFDocumentController.h */ = {isa = PBXFileReference; fileEncoding = 4; lastKnownFileType = sourcecode.c.h; name = QPDFDocumentController.h; path = pdftracer/QPDFDocumentController.h; sourceTree = SOURCE_ROOT; };
		4D5450DF25C5310700ED6F54 /* OutlineQPDF.m */ = {isa = PBXFileReference; fileEncoding = 4; lastKnownFileType = sourcecode.c.objc; path = OutlineQPDF.m; sourceTree = "<group>"; };
		4D5450E225C535F500ED6F54 /* QPDFWindowController.h */ = {isa = PBXFileReference; fileEncoding = 4; lastKnownFileType = sourcecode.c.h; name = QPDFWindowController.h; path = pdftracer/QPDFWindowController.h; sourceTree = SOURCE_ROOT; };
		4D5450E425C5492000ED6F54 /* OutlineQPDF.h */ = {isa = PBXFileReference; fileEncoding = 4; lastKnownFileType = sourcecode.c.h; path = OutlineQPDF.h; sourceTree = "<group>"; };
		4D5BEC2725C58A96006CBE02 /* QPDFWindowController.m */ = {isa = PBXFileReference; fileEncoding = 4; lastKnownFileType = sourcecode.c.objc; name = QPDFWindowController.m; path = pdftracer/QPDFWindowController.m; sourceTree = SOURCE_ROOT; };
		4D5BEC2F25CD5887006CBE02 /* testqpdf.mm */ = {isa = PBXFileReference; fileEncoding = 4; lastKnownFileType = sourcecode.cpp.objcpp; name = testqpdf.mm; path = ../../testqpdf.mm; sourceTree = "<group>"; };
		4D5BEC3525CD5951006CBE02 /* testqpdf */ = {isa = PBXFileReference; explicitFileType = "compiled.mach-o.executable"; includeInIndex = 0; path = testqpdf; sourceTree = BUILT_PRODUCTS_DIR; };
		4D5BEC3C25CEB443006CBE02 /* QPDFOutlineView.m */ = {isa = PBXFileReference; fileEncoding = 4; lastKnownFileType = sourcecode.c.objc; name = QPDFOutlineView.m; path = pdftracer/QPDFOutlineView.m; sourceTree = SOURCE_ROOT; };
		4D5BEC3D25CEB443006CBE02 /* QPDFOutlineView.h */ = {isa = PBXFileReference; fileEncoding = 4; lastKnownFileType = sourcecode.c.h; path = QPDFOutlineView.h; sourceTree = "<group>"; };
		4D5BEC6225D276AD006CBE02 /* QPDFMenu.h */ = {isa = PBXFileReference; lastKnownFileType = sourcecode.c.h; path = QPDFMenu.h; sourceTree = "<group>"; };
		4D5BEC6325D276AD006CBE02 /* QPDFMenu.m */ = {isa = PBXFileReference; lastKnownFileType = sourcecode.c.objc; path = QPDFMenu.m; sourceTree = "<group>"; };
		4D638AE025C2C84200BAB433 /* QPDFDocument.h */ = {isa = PBXFileReference; fileEncoding = 4; lastKnownFileType = sourcecode.c.h; name = QPDFDocument.h; path = pdftracer/QPDFDocument.h; sourceTree = SOURCE_ROOT; };
		4D638AE125C2C84200BAB433 /* QPDFDocument.m */ = {isa = PBXFileReference; fileEncoding = 4; lastKnownFileType = sourcecode.c.objc; name = QPDFDocument.m; path = pdftracer/QPDFDocument.m; sourceTree = SOURCE_ROOT; };
		4D638AE325C2DBBB00BAB433 /* QPDFDocumentController.m */ = {isa = PBXFileReference; fileEncoding = 4; lastKnownFileType = sourcecode.c.objc; name = QPDFDocumentController.m; path = pdftracer/QPDFDocumentController.m; sourceTree = SOURCE_ROOT; };
		4D7BAF2E25FB43AA00432F33 /* QPDFSegmentedCell.m */ = {isa = PBXFileReference; fileEncoding = 4; lastKnownFileType = sourcecode.c.objc; path = QPDFSegmentedCell.m; sourceTree = "<group>"; };
		4D7BAF2F25FB43AA00432F33 /* QPDFSegmentedCell.h */ = {isa = PBXFileReference; fileEncoding = 4; lastKnownFileType = sourcecode.c.h; path = QPDFSegmentedCell.h; sourceTree = "<group>"; };
		4D8EE6F92598A21C008D2DA2 /* parsepdf */ = {isa = PBXFileReference; explicitFileType = "compiled.mach-o.executable"; includeInIndex = 0; path = parsepdf; sourceTree = BUILT_PRODUCTS_DIR; };
		4D8EE7132598A27C008D2DA2 /* psconverter */ = {isa = PBXFileReference; explicitFileType = "compiled.mach-o.executable"; includeInIndex = 0; path = psconverter; sourceTree = BUILT_PRODUCTS_DIR; };
		4D8EE71C2598A4A1008D2DA2 /* AppKit.framework */ = {isa = PBXFileReference; lastKnownFileType = wrapper.framework; name = AppKit.framework; path = System/Library/Frameworks/AppKit.framework; sourceTree = SDKROOT; };
		4D9CCA8525DA7EA90003DF13 /* QPDFWindow.h */ = {isa = PBXFileReference; fileEncoding = 4; lastKnownFileType = sourcecode.c.h; path = QPDFWindow.h; sourceTree = "<group>"; };
		4D9CCA8625DA7EAA0003DF13 /* QPDFWindow.m */ = {isa = PBXFileReference; fileEncoding = 4; lastKnownFileType = sourcecode.c.objc; path = QPDFWindow.m; sourceTree = "<group>"; };
		4D9CCA8825DFD5340003DF13 /* libqpdf.28.dylib */ = {isa = PBXFileReference; lastKnownFileType = "compiled.mach-o.dylib"; name = libqpdf.28.dylib; path = ../../../../../usr/local/Cellar/qpdf/10.1.0/lib/libqpdf.28.dylib; sourceTree = "<group>"; };
		4D9CCA8C25E51ADA0003DF13 /* QPDFHelp.h */ = {isa = PBXFileReference; fileEncoding = 4; lastKnownFileType = sourcecode.c.h; path = QPDFHelp.h; sourceTree = "<group>"; };
		4D9CCA8D25E51ADA0003DF13 /* QPDFHelp.m */ = {isa = PBXFileReference; fileEncoding = 4; lastKnownFileType = sourcecode.c.objc; path = QPDFHelp.m; sourceTree = "<group>"; };
		4D9CCA9125E62B460003DF13 /* ObjcPDFDocument.h */ = {isa = PBXFileReference; fileEncoding = 4; lastKnownFileType = sourcecode.c.h; path = ObjcPDFDocument.h; sourceTree = "<group>"; };
		4D9CCA9225E62BB30003DF13 /* ObjcPDFObject.h */ = {isa = PBXFileReference; lastKnownFileType = sourcecode.c.h; path = ObjcPDFObject.h; sourceTree = "<group>"; };
		4DA54A5E261858AC00CFE719 /* QPDFSyntaxHighlighter.m */ = {isa = PBXFileReference; fileEncoding = 4; lastKnownFileType = sourcecode.c.objc; path = QPDFSyntaxHighlighter.m; sourceTree = "<group>"; };
		4DA54A5F261858AC00CFE719 /* QPDFSyntaxHighlighter.h */ = {isa = PBXFileReference; fileEncoding = 4; lastKnownFileType = sourcecode.c.h; path = QPDFSyntaxHighlighter.h; sourceTree = "<group>"; };
		4DBD5AEB260D393200767A14 /* MainMenu.xib */ = {isa = PBXFileReference; lastKnownFileType = file.xib; path = MainMenu.xib; sourceTree = "<group>"; };
/* End PBXFileReference section */

/* Begin PBXFrameworksBuildPhase section */
		4D163CE4259879ED00C8C7D3 /* Frameworks */ = {
			isa = PBXFrameworksBuildPhase;
			buildActionMask = 2147483647;
			files = (
				4D114D982600CEBC00F8A6F1 /* libqpdf.28.dylib in Frameworks */,
				4D147B9F25B06A04001AB1A3 /* Quartz.framework in Frameworks */,
				4D8EE71D2598A4A2008D2DA2 /* AppKit.framework in Frameworks */,
				4D163CFA25987C0900C8C7D3 /* CoreGraphics.framework in Frameworks */,
				4D163CF825987C0000C8C7D3 /* Foundation.framework in Frameworks */,
			);
			runOnlyForDeploymentPostprocessing = 0;
		};
		4D2BFD4625D38D8C00F8128E /* Frameworks */ = {
			isa = PBXFrameworksBuildPhase;
			buildActionMask = 2147483647;
			files = (
			);
			runOnlyForDeploymentPostprocessing = 0;
		};
		4D2BFD5225D3943B00F8128E /* Frameworks */ = {
			isa = PBXFrameworksBuildPhase;
			buildActionMask = 2147483647;
			files = (
			);
			runOnlyForDeploymentPostprocessing = 0;
		};
		4D36C04F25A2D43F007E0EAD /* Frameworks */ = {
			isa = PBXFrameworksBuildPhase;
			buildActionMask = 2147483647;
			files = (
			);
			runOnlyForDeploymentPostprocessing = 0;
		};
		4D5BEC3225CD5951006CBE02 /* Frameworks */ = {
			isa = PBXFrameworksBuildPhase;
			buildActionMask = 2147483647;
			files = (
			);
			runOnlyForDeploymentPostprocessing = 0;
		};
		4D8EE6F62598A21C008D2DA2 /* Frameworks */ = {
			isa = PBXFrameworksBuildPhase;
			buildActionMask = 2147483647;
			files = (
				4D8EE71F2598A4B5008D2DA2 /* CoreGraphics.framework in Frameworks */,
				4D8EE71E2598A4AC008D2DA2 /* Foundation.framework in Frameworks */,
			);
			runOnlyForDeploymentPostprocessing = 0;
		};
		4D8EE7102598A27C008D2DA2 /* Frameworks */ = {
			isa = PBXFrameworksBuildPhase;
			buildActionMask = 2147483647;
			files = (
				4D8EE7212598A4C9008D2DA2 /* CoreGraphics.framework in Frameworks */,
				4D8EE7202598A4C0008D2DA2 /* Foundation.framework in Frameworks */,
			);
			runOnlyForDeploymentPostprocessing = 0;
		};
/* End PBXFrameworksBuildPhase section */

/* Begin PBXGroup section */
		4D163CDE259879ED00C8C7D3 = {
			isa = PBXGroup;
			children = (
				4D5BEC2E25CD5870006CBE02 /* test */,
				4D36C04B25A2CFC0007E0EAD /* genpdf */,
				4D163CE9259879ED00C8C7D3 /* pdftracer */,
				4D8EE6FA2598A21C008D2DA2 /* parsepdf */,
				4D8EE7142598A27C008D2DA2 /* psconverter */,
				4D2BFD4A25D38D8C00F8128E /* testPdfTracer */,
				4D2BFD5625D3943B00F8128E /* testDocumentController */,
				4D163CE8259879ED00C8C7D3 /* Products */,
				4D163CF625987BFF00C8C7D3 /* Frameworks */,
			);
			sourceTree = "<group>";
			usesTabs = 1;
		};
		4D163CE8259879ED00C8C7D3 /* Products */ = {
			isa = PBXGroup;
			children = (
				4D163CE7259879ED00C8C7D3 /* pdftracer */,
				4D8EE6F92598A21C008D2DA2 /* parsepdf */,
				4D8EE7132598A27C008D2DA2 /* psconverter */,
				4D36C05225A2D43F007E0EAD /* genpdf */,
				4D5BEC3525CD5951006CBE02 /* testqpdf */,
				4D2BFD4925D38D8C00F8128E /* testPdfTracer.xctest */,
				4D2BFD5525D3943B00F8128E /* testDocumentController.xctest */,
			);
			name = Products;
			sourceTree = "<group>";
		};
		4D163CE9259879ED00C8C7D3 /* pdftracer */ = {
			isa = PBXGroup;
			children = (
				4D163CF425987A1F00C8C7D3 /* Arguments.h */,
				4D163CF325987A1F00C8C7D3 /* Arguments.m */,
				4D163D002598A0A000C8C7D3 /* editor.m */,
				4D9CCA9125E62B460003DF13 /* ObjcPDFDocument.h */,
				4D9CCA9225E62BB30003DF13 /* ObjcPDFObject.h */,
				4D2BFD6025D3D22700F8128E /* ObjcQPDF.h */,
				4D2BFD6625D486DA00F8128E /* ObjcQPDF.hh */,
				4D2BFD6125D3D22700F8128E /* ObjcQPDF.mm */,
				4D2BFD6425D3DE6000F8128E /* ObjcQPDFObjectHandle.h */,
				4D2BFD6725D486DA00F8128E /* ObjcQPDFObjectHandle.hh */,
				4D2BFD6325D3DE6000F8128E /* ObjcQPDFObjectHandle.mm */,
				4D5450E425C5492000ED6F54 /* OutlineQPDF.h */,
				4D5450DF25C5310700ED6F54 /* OutlineQPDF.m */,
				4D3A6B9825BD8E0600B22499 /* OutlineQPDFObj.h */,
				4D3A6B9925BD8E0600B22499 /* OutlineQPDFObj.m */,
				4D3A6B9B25BD98DD00B22499 /* OutlineQPDFPage.h */,
				4D3A6B9C25BD98DD00B22499 /* OutlineQPDFPage.m */,
				4D638AE025C2C84200BAB433 /* QPDFDocument.h */,
				4D638AE125C2C84200BAB433 /* QPDFDocument.m */,
				4D5450DD25C52A5600ED6F54 /* QPDFDocumentController.h */,
				4D638AE325C2DBBB00BAB433 /* QPDFDocumentController.m */,
				4D9CCA8C25E51ADA0003DF13 /* QPDFHelp.h */,
				4D9CCA8D25E51ADA0003DF13 /* QPDFHelp.m */,
				4D5BEC6225D276AD006CBE02 /* QPDFMenu.h */,
				4D5BEC6325D276AD006CBE02 /* QPDFMenu.m */,
				4D3A6B9225BAADB500B22499 /* QPDFNode.h */,
				4D3A6B9325BAADB500B22499 /* QPDFNode.m */,
				4D7BAF2F25FB43AA00432F33 /* QPDFSegmentedCell.h */,
				4D7BAF2E25FB43AA00432F33 /* QPDFSegmentedCell.m */,
				4DA54A5F261858AC00CFE719 /* QPDFSyntaxHighlighter.h */,
				4DA54A5E261858AC00CFE719 /* QPDFSyntaxHighlighter.m */,
				4D5BEC3D25CEB443006CBE02 /* QPDFOutlineView.h */,
				4D5BEC3C25CEB443006CBE02 /* QPDFOutlineView.m */,
				4D9CCA8525DA7EA90003DF13 /* QPDFWindow.h */,
				4D9CCA8625DA7EAA0003DF13 /* QPDFWindow.m */,
				4D5450E225C535F500ED6F54 /* QPDFWindowController.h */,
				4D5BEC2725C58A96006CBE02 /* QPDFWindowController.m */,
				4D114D9625FECACA00F8A6F1 /* TestConstrants.xib */,
				4DBD5AEB260D393200767A14 /* MainMenu.xib */,
			);
			path = pdftracer;
			sourceTree = "<group>";
		};
		4D163CF625987BFF00C8C7D3 /* Frameworks */ = {
			isa = PBXGroup;
			children = (
				4D9CCA8825DFD5340003DF13 /* libqpdf.28.dylib */,
				4D114D972600CEBC00F8A6F1 /* libqpdf.28.dylib */,
				4D147B9E25B06A04001AB1A3 /* Quartz.framework */,
				4D8EE71C2598A4A1008D2DA2 /* AppKit.framework */,
				4D163CF925987C0900C8C7D3 /* CoreGraphics.framework */,
				4D163CF725987C0000C8C7D3 /* Foundation.framework */,
			);
			name = Frameworks;
			sourceTree = "<group>";
		};
		4D2BFD4A25D38D8C00F8128E /* testPdfTracer */ = {
			isa = PBXGroup;
			children = (
				4D2BFD4B25D38D8C00F8128E /* testPdfTracer.m */,
				4D2BFD4D25D38D8C00F8128E /* Info.plist */,
			);
			path = testPdfTracer;
			sourceTree = "<group>";
		};
		4D2BFD5625D3943B00F8128E /* testDocumentController */ = {
			isa = PBXGroup;
			children = (
				4D2BFD5725D3943B00F8128E /* testDocumentController.mm */,
				4D2BFD5925D3943B00F8128E /* Info.plist */,
			);
			path = testDocumentController;
			sourceTree = "<group>";
		};
		4D36C04B25A2CFC0007E0EAD /* genpdf */ = {
			isa = PBXGroup;
			children = (
				4D36C04C25A2CFDD007E0EAD /* genpdf.m */,
			);
			path = genpdf;
			sourceTree = "<group>";
		};
		4D5BEC2E25CD5870006CBE02 /* test */ = {
			isa = PBXGroup;
			children = (
				4D5BEC2F25CD5887006CBE02 /* testqpdf.mm */,
			);
			path = test;
			sourceTree = "<group>";
		};
		4D8EE6FA2598A21C008D2DA2 /* parsepdf */ = {
			isa = PBXGroup;
			children = (
				4D147B9825ADD824001AB1A3 /* parsepdf.mm */,
			);
			path = parsepdf;
			sourceTree = "<group>";
		};
		4D8EE7142598A27C008D2DA2 /* psconverter */ = {
			isa = PBXGroup;
			children = (
				4D36C04925A2CF75007E0EAD /* corepdf.m */,
			);
			path = psconverter;
			sourceTree = "<group>";
		};
/* End PBXGroup section */

/* Begin PBXNativeTarget section */
		4D163CE6259879ED00C8C7D3 /* pdftracer */ = {
			isa = PBXNativeTarget;
			buildConfigurationList = 4D163CEE259879ED00C8C7D3 /* Build configuration list for PBXNativeTarget "pdftracer" */;
			buildPhases = (
				4D163CE3259879ED00C8C7D3 /* Sources */,
				4D163CE4259879ED00C8C7D3 /* Frameworks */,
				4D163CE5259879ED00C8C7D3 /* CopyFiles */,
			);
			buildRules = (
			);
			dependencies = (
			);
			name = pdftracer;
			productName = pdftracer;
			productReference = 4D163CE7259879ED00C8C7D3 /* pdftracer */;
			productType = "com.apple.product-type.tool";
		};
		4D2BFD4825D38D8C00F8128E /* testPdfTracer */ = {
			isa = PBXNativeTarget;
			buildConfigurationList = 4D2BFD4E25D38D8C00F8128E /* Build configuration list for PBXNativeTarget "testPdfTracer" */;
			buildPhases = (
				4D2BFD4525D38D8C00F8128E /* Sources */,
				4D2BFD4625D38D8C00F8128E /* Frameworks */,
				4D2BFD4725D38D8C00F8128E /* Resources */,
			);
			buildRules = (
			);
			dependencies = (
			);
			name = testPdfTracer;
			productName = testPdfTracer;
			productReference = 4D2BFD4925D38D8C00F8128E /* testPdfTracer.xctest */;
			productType = "com.apple.product-type.bundle.unit-test";
		};
		4D2BFD5425D3943B00F8128E /* testDocumentController */ = {
			isa = PBXNativeTarget;
			buildConfigurationList = 4D2BFD5C25D3943B00F8128E /* Build configuration list for PBXNativeTarget "testDocumentController" */;
			buildPhases = (
				4D2BFD5125D3943B00F8128E /* Sources */,
				4D2BFD5225D3943B00F8128E /* Frameworks */,
				4D2BFD5325D3943B00F8128E /* Resources */,
			);
			buildRules = (
			);
			dependencies = (
			);
			name = testDocumentController;
			productName = testDocumentController;
			productReference = 4D2BFD5525D3943B00F8128E /* testDocumentController.xctest */;
			productType = "com.apple.product-type.bundle.unit-test";
		};
		4D36C05125A2D43F007E0EAD /* genpdf */ = {
			isa = PBXNativeTarget;
			buildConfigurationList = 4D36C05625A2D43F007E0EAD /* Build configuration list for PBXNativeTarget "genpdf" */;
			buildPhases = (
				4D36C04E25A2D43F007E0EAD /* Sources */,
				4D36C04F25A2D43F007E0EAD /* Frameworks */,
				4D36C05025A2D43F007E0EAD /* CopyFiles */,
			);
			buildRules = (
			);
			dependencies = (
			);
			name = genpdf;
			productName = genpdf;
			productReference = 4D36C05225A2D43F007E0EAD /* genpdf */;
			productType = "com.apple.product-type.tool";
		};
		4D5BEC3425CD5951006CBE02 /* testqpdf */ = {
			isa = PBXNativeTarget;
			buildConfigurationList = 4D5BEC3925CD5951006CBE02 /* Build configuration list for PBXNativeTarget "testqpdf" */;
			buildPhases = (
				4D5BEC3125CD5951006CBE02 /* Sources */,
				4D5BEC3225CD5951006CBE02 /* Frameworks */,
				4D5BEC3325CD5951006CBE02 /* CopyFiles */,
			);
			buildRules = (
			);
			dependencies = (
			);
			name = testqpdf;
			productName = testqpdf;
			productReference = 4D5BEC3525CD5951006CBE02 /* testqpdf */;
			productType = "com.apple.product-type.tool";
		};
		4D8EE6F82598A21C008D2DA2 /* parsepdf */ = {
			isa = PBXNativeTarget;
			buildConfigurationList = 4D8EE6FF2598A21C008D2DA2 /* Build configuration list for PBXNativeTarget "parsepdf" */;
			buildPhases = (
				4D8EE6F52598A21C008D2DA2 /* Sources */,
				4D8EE6F62598A21C008D2DA2 /* Frameworks */,
				4D8EE6F72598A21C008D2DA2 /* CopyFiles */,
			);
			buildRules = (
			);
			dependencies = (
			);
			name = parsepdf;
			productName = parsepdf;
			productReference = 4D8EE6F92598A21C008D2DA2 /* parsepdf */;
			productType = "com.apple.product-type.tool";
		};
		4D8EE7122598A27C008D2DA2 /* psconverter */ = {
			isa = PBXNativeTarget;
			buildConfigurationList = 4D8EE7172598A27C008D2DA2 /* Build configuration list for PBXNativeTarget "psconverter" */;
			buildPhases = (
				4D8EE70F2598A27C008D2DA2 /* Sources */,
				4D8EE7102598A27C008D2DA2 /* Frameworks */,
				4D8EE7112598A27C008D2DA2 /* CopyFiles */,
			);
			buildRules = (
			);
			dependencies = (
			);
			name = psconverter;
			productName = psconverter;
			productReference = 4D8EE7132598A27C008D2DA2 /* psconverter */;
			productType = "com.apple.product-type.tool";
		};
/* End PBXNativeTarget section */

/* Begin PBXProject section */
		4D163CDF259879ED00C8C7D3 /* Project object */ = {
			isa = PBXProject;
			attributes = {
				KnownAssetTags = (
					New,
				);
				LastUpgradeCheck = 1010;
				ORGANIZATIONNAME = silicontrip;
				TargetAttributes = {
					4D163CE6259879ED00C8C7D3 = {
						CreatedOnToolsVersion = 9.2;
						ProvisioningStyle = Manual;
					};
					4D2BFD4825D38D8C00F8128E = {
						CreatedOnToolsVersion = 10.1;
						ProvisioningStyle = Automatic;
					};
					4D2BFD5425D3943B00F8128E = {
						CreatedOnToolsVersion = 10.1;
						ProvisioningStyle = Automatic;
					};
					4D36C05125A2D43F007E0EAD = {
						CreatedOnToolsVersion = 9.2;
						ProvisioningStyle = Automatic;
					};
					4D5BEC3425CD5951006CBE02 = {
						CreatedOnToolsVersion = 10.1;
						ProvisioningStyle = Automatic;
					};
					4D8EE6F82598A21C008D2DA2 = {
						CreatedOnToolsVersion = 9.2;
						ProvisioningStyle = Automatic;
					};
					4D8EE7122598A27C008D2DA2 = {
						CreatedOnToolsVersion = 9.2;
						ProvisioningStyle = Automatic;
					};
				};
			};
			buildConfigurationList = 4D163CE2259879ED00C8C7D3 /* Build configuration list for PBXProject "pdftracer" */;
			compatibilityVersion = "Xcode 8.0";
			developmentRegion = en;
			hasScannedForEncodings = 0;
			knownRegions = (
				en,
			);
			mainGroup = 4D163CDE259879ED00C8C7D3;
			productRefGroup = 4D163CE8259879ED00C8C7D3 /* Products */;
			projectDirPath = "";
			projectRoot = "";
			targets = (
				4D163CE6259879ED00C8C7D3 /* pdftracer */,
				4D8EE6F82598A21C008D2DA2 /* parsepdf */,
				4D8EE7122598A27C008D2DA2 /* psconverter */,
				4D36C05125A2D43F007E0EAD /* genpdf */,
				4D5BEC3425CD5951006CBE02 /* testqpdf */,
				4D2BFD4825D38D8C00F8128E /* testPdfTracer */,
				4D2BFD5425D3943B00F8128E /* testDocumentController */,
			);
		};
/* End PBXProject section */

/* Begin PBXResourcesBuildPhase section */
		4D2BFD4725D38D8C00F8128E /* Resources */ = {
			isa = PBXResourcesBuildPhase;
			buildActionMask = 2147483647;
			files = (
			);
			runOnlyForDeploymentPostprocessing = 0;
		};
		4D2BFD5325D3943B00F8128E /* Resources */ = {
			isa = PBXResourcesBuildPhase;
			buildActionMask = 2147483647;
			files = (
			);
			runOnlyForDeploymentPostprocessing = 0;
		};
/* End PBXResourcesBuildPhase section */

/* Begin PBXSourcesBuildPhase section */
		4D163CE3259879ED00C8C7D3 /* Sources */ = {
			isa = PBXSourcesBuildPhase;
			buildActionMask = 2147483647;
			files = (
				4D9CCA8725DA7EAA0003DF13 /* QPDFWindow.m in Sources */,
				4D5BEC3E25CEB443006CBE02 /* QPDFOutlineView.m in Sources */,
				4D3A6B9D25BD98DD00B22499 /* OutlineQPDFPage.m in Sources */,
				4D5BEC6425D276AD006CBE02 /* QPDFMenu.m in Sources */,
				4D9CCA8E25E51ADA0003DF13 /* QPDFHelp.m in Sources */,
				4D7BAF3025FB43AA00432F33 /* QPDFSegmentedCell.m in Sources */,
				4D5BEC2825C58A96006CBE02 /* QPDFWindowController.m in Sources */,
				4D638AE225C2C84200BAB433 /* QPDFDocument.m in Sources */,
				4D5450E025C5310800ED6F54 /* OutlineQPDF.m in Sources */,
				4D163CF525987A1F00C8C7D3 /* Arguments.m in Sources */,
				4D8EE7222598A51F008D2DA2 /* editor.m in Sources */,
				4D2BFD6525D3DE6000F8128E /* ObjcQPDFObjectHandle.mm in Sources */,
				4D2BFD6225D3D22700F8128E /* ObjcQPDF.mm in Sources */,
				4D638AE425C2DBBB00BAB433 /* QPDFDocumentController.m in Sources */,
				4D3A6B9A25BD8E0600B22499 /* OutlineQPDFObj.m in Sources */,
				4D3A6B9425BAADB500B22499 /* QPDFNode.m in Sources */,
				4DA54A60261858AC00CFE719 /* QPDFSyntaxHighlighter.m in Sources */,
			);
			runOnlyForDeploymentPostprocessing = 0;
		};
		4D2BFD4525D38D8C00F8128E /* Sources */ = {
			isa = PBXSourcesBuildPhase;
			buildActionMask = 2147483647;
			files = (
				4D2BFD4C25D38D8C00F8128E /* testPdfTracer.m in Sources */,
			);
			runOnlyForDeploymentPostprocessing = 0;
		};
		4D2BFD5125D3943B00F8128E /* Sources */ = {
			isa = PBXSourcesBuildPhase;
			buildActionMask = 2147483647;
			files = (
				4D2BFD5F25D3B3BD00F8128E /* QPDFWindowController.m in Sources */,
				4D2BFD5825D3943B00F8128E /* testDocumentController.mm in Sources */,
				4D2BFD5E25D3B2F200F8128E /* QPDFDocument.m in Sources */,
				4D2BFD5D25D39E5D00F8128E /* QPDFDocumentController.m in Sources */,
			);
			runOnlyForDeploymentPostprocessing = 0;
		};
		4D36C04E25A2D43F007E0EAD /* Sources */ = {
			isa = PBXSourcesBuildPhase;
			buildActionMask = 2147483647;
			files = (
				4D36C05925A2D445007E0EAD /* genpdf.m in Sources */,
				4D36C05A25A2D49B007E0EAD /* Arguments.m in Sources */,
				4D5BEC3025CD5887006CBE02 /* testqpdf.mm in Sources */,
			);
			runOnlyForDeploymentPostprocessing = 0;
		};
		4D5BEC3125CD5951006CBE02 /* Sources */ = {
			isa = PBXSourcesBuildPhase;
			buildActionMask = 2147483647;
			files = (
			);
			runOnlyForDeploymentPostprocessing = 0;
		};
		4D8EE6F52598A21C008D2DA2 /* Sources */ = {
			isa = PBXSourcesBuildPhase;
			buildActionMask = 2147483647;
			files = (
				4D147B9925ADD824001AB1A3 /* parsepdf.mm in Sources */,
				4D8EE7012598A230008D2DA2 /* Arguments.m in Sources */,
			);
			runOnlyForDeploymentPostprocessing = 0;
		};
		4D8EE70F2598A27C008D2DA2 /* Sources */ = {
			isa = PBXSourcesBuildPhase;
			buildActionMask = 2147483647;
			files = (
				4D8EE71A2598A282008D2DA2 /* Arguments.m in Sources */,
				4D147B9125AAA8A7001AB1A3 /* corepdf.m in Sources */,
			);
			runOnlyForDeploymentPostprocessing = 0;
		};
/* End PBXSourcesBuildPhase section */

/* Begin XCBuildConfiguration section */
		4D163CEC259879ED00C8C7D3 /* Debug */ = {
			isa = XCBuildConfiguration;
			buildSettings = {
				ALWAYS_SEARCH_USER_PATHS = NO;
				CLANG_ANALYZER_NONNULL = YES;
				CLANG_ANALYZER_NUMBER_OBJECT_CONVERSION = YES_AGGRESSIVE;
				CLANG_CXX_LANGUAGE_STANDARD = "gnu++14";
				CLANG_CXX_LIBRARY = "libc++";
				CLANG_ENABLE_MODULES = YES;
				CLANG_ENABLE_OBJC_ARC = YES;
				CLANG_WARN_BLOCK_CAPTURE_AUTORELEASING = YES;
				CLANG_WARN_BOOL_CONVERSION = YES;
				CLANG_WARN_COMMA = YES;
				CLANG_WARN_CONSTANT_CONVERSION = YES;
				CLANG_WARN_DEPRECATED_OBJC_IMPLEMENTATIONS = YES;
				CLANG_WARN_DIRECT_OBJC_ISA_USAGE = YES_ERROR;
				CLANG_WARN_DOCUMENTATION_COMMENTS = YES;
				CLANG_WARN_EMPTY_BODY = YES;
				CLANG_WARN_ENUM_CONVERSION = YES;
				CLANG_WARN_INFINITE_RECURSION = YES;
				CLANG_WARN_INT_CONVERSION = YES;
				CLANG_WARN_NON_LITERAL_NULL_CONVERSION = YES;
				CLANG_WARN_OBJC_IMPLICIT_RETAIN_SELF = YES;
				CLANG_WARN_OBJC_LITERAL_CONVERSION = YES;
				CLANG_WARN_OBJC_ROOT_CLASS = YES_ERROR;
				CLANG_WARN_RANGE_LOOP_ANALYSIS = YES;
				CLANG_WARN_STRICT_PROTOTYPES = YES;
				CLANG_WARN_SUSPICIOUS_MOVE = YES;
				CLANG_WARN_UNGUARDED_AVAILABILITY = YES_AGGRESSIVE;
				CLANG_WARN_UNREACHABLE_CODE = YES;
				CLANG_WARN__DUPLICATE_METHOD_MATCH = YES;
				CODE_SIGN_IDENTITY = "-";
				COPY_PHASE_STRIP = NO;
				DEBUG_INFORMATION_FORMAT = dwarf;
				ENABLE_STRICT_OBJC_MSGSEND = YES;
				ENABLE_TESTABILITY = YES;
				GCC_C_LANGUAGE_STANDARD = gnu11;
				GCC_DYNAMIC_NO_PIC = NO;
				GCC_NO_COMMON_BLOCKS = YES;
				GCC_OPTIMIZATION_LEVEL = 0;
				GCC_PREPROCESSOR_DEFINITIONS = (
					"DEBUG=1",
					"$(inherited)",
				);
				GCC_WARN_64_TO_32_BIT_CONVERSION = YES;
				GCC_WARN_ABOUT_RETURN_TYPE = YES_ERROR;
				GCC_WARN_UNDECLARED_SELECTOR = YES;
				GCC_WARN_UNINITIALIZED_AUTOS = YES_AGGRESSIVE;
				GCC_WARN_UNUSED_FUNCTION = YES;
				GCC_WARN_UNUSED_VARIABLE = YES;
				MACOSX_DEPLOYMENT_TARGET = 10.13;
				MTL_ENABLE_DEBUG_INFO = YES;
				ONLY_ACTIVE_ARCH = YES;
				SDKROOT = macosx;
			};
			name = Debug;
		};
		4D163CED259879ED00C8C7D3 /* Release */ = {
			isa = XCBuildConfiguration;
			buildSettings = {
				ALWAYS_SEARCH_USER_PATHS = NO;
				CLANG_ANALYZER_NONNULL = YES;
				CLANG_ANALYZER_NUMBER_OBJECT_CONVERSION = YES_AGGRESSIVE;
				CLANG_CXX_LANGUAGE_STANDARD = "gnu++14";
				CLANG_CXX_LIBRARY = "libc++";
				CLANG_ENABLE_MODULES = YES;
				CLANG_ENABLE_OBJC_ARC = YES;
				CLANG_WARN_BLOCK_CAPTURE_AUTORELEASING = YES;
				CLANG_WARN_BOOL_CONVERSION = YES;
				CLANG_WARN_COMMA = YES;
				CLANG_WARN_CONSTANT_CONVERSION = YES;
				CLANG_WARN_DEPRECATED_OBJC_IMPLEMENTATIONS = YES;
				CLANG_WARN_DIRECT_OBJC_ISA_USAGE = YES_ERROR;
				CLANG_WARN_DOCUMENTATION_COMMENTS = YES;
				CLANG_WARN_EMPTY_BODY = YES;
				CLANG_WARN_ENUM_CONVERSION = YES;
				CLANG_WARN_INFINITE_RECURSION = YES;
				CLANG_WARN_INT_CONVERSION = YES;
				CLANG_WARN_NON_LITERAL_NULL_CONVERSION = YES;
				CLANG_WARN_OBJC_IMPLICIT_RETAIN_SELF = YES;
				CLANG_WARN_OBJC_LITERAL_CONVERSION = YES;
				CLANG_WARN_OBJC_ROOT_CLASS = YES_ERROR;
				CLANG_WARN_RANGE_LOOP_ANALYSIS = YES;
				CLANG_WARN_STRICT_PROTOTYPES = YES;
				CLANG_WARN_SUSPICIOUS_MOVE = YES;
				CLANG_WARN_UNGUARDED_AVAILABILITY = YES_AGGRESSIVE;
				CLANG_WARN_UNREACHABLE_CODE = YES;
				CLANG_WARN__DUPLICATE_METHOD_MATCH = YES;
				CODE_SIGN_IDENTITY = "-";
				COPY_PHASE_STRIP = NO;
				DEBUG_INFORMATION_FORMAT = "dwarf-with-dsym";
				ENABLE_NS_ASSERTIONS = NO;
				ENABLE_STRICT_OBJC_MSGSEND = YES;
				GCC_C_LANGUAGE_STANDARD = gnu11;
				GCC_NO_COMMON_BLOCKS = YES;
				GCC_WARN_64_TO_32_BIT_CONVERSION = YES;
				GCC_WARN_ABOUT_RETURN_TYPE = YES_ERROR;
				GCC_WARN_UNDECLARED_SELECTOR = YES;
				GCC_WARN_UNINITIALIZED_AUTOS = YES_AGGRESSIVE;
				GCC_WARN_UNUSED_FUNCTION = YES;
				GCC_WARN_UNUSED_VARIABLE = YES;
				MACOSX_DEPLOYMENT_TARGET = 10.13;
				MTL_ENABLE_DEBUG_INFO = NO;
				SDKROOT = macosx;
			};
			name = Release;
		};
		4D163CEF259879ED00C8C7D3 /* Debug */ = {
			isa = XCBuildConfiguration;
			buildSettings = {
				CLANG_ENABLE_OBJC_ARC = NO;
				CLANG_ENABLE_OBJC_WEAK = YES;
				CODE_SIGN_IDENTITY = "-";
				CODE_SIGN_STYLE = Manual;
				GCC_INPUT_FILETYPE = sourcecode.cpp.objcpp;
				HEADER_SEARCH_PATHS = /usr/local/Cellar/qpdf/10.3.1/include;
				LIBRARY_SEARCH_PATHS = (
					"$(inherited)",
					/usr/local/Cellar/qpdf/10.3.1/lib,
				);
				PRODUCT_NAME = "$(TARGET_NAME)";
				PROVISIONING_PROFILE_SPECIFIER = "";
				STRINGS_FILE_OUTPUT_ENCODING = "UTF-8";
				"VALID_ARCHS[sdk=*]" = "i386 x86_64";
			};
			name = Debug;
		};
		4D163CF0259879ED00C8C7D3 /* Release */ = {
			isa = XCBuildConfiguration;
			buildSettings = {
				CLANG_ENABLE_OBJC_ARC = NO;
				CLANG_ENABLE_OBJC_WEAK = YES;
				CODE_SIGN_IDENTITY = "-";
				CODE_SIGN_STYLE = Manual;
				GCC_INPUT_FILETYPE = sourcecode.cpp.objcpp;
				HEADER_SEARCH_PATHS = /usr/local/Cellar/qpdf/10.3.1/include;
				LIBRARY_SEARCH_PATHS = (
					"$(inherited)",
					/usr/local/Cellar/qpdf/10.3.1/lib,
				);
				ONLY_ACTIVE_ARCH = YES;
				PRODUCT_NAME = "$(TARGET_NAME)";
				PROVISIONING_PROFILE_SPECIFIER = "";
				STRINGS_FILE_OUTPUT_ENCODING = "UTF-8";
			};
			name = Release;
		};
		4D2BFD4F25D38D8C00F8128E /* Debug */ = {
			isa = XCBuildConfiguration;
			buildSettings = {
				CLANG_ENABLE_OBJC_WEAK = YES;
				CODE_SIGN_STYLE = Automatic;
				COMBINE_HIDPI_IMAGES = YES;
				INFOPLIST_FILE = testPdfTracer/Info.plist;
				LD_RUNPATH_SEARCH_PATHS = "$(inherited) @executable_path/../Frameworks @loader_path/../Frameworks";
				MTL_ENABLE_DEBUG_INFO = INCLUDE_SOURCE;
				MTL_FAST_MATH = YES;
				PRODUCT_BUNDLE_IDENTIFIER = net.silicontrip.testPdfTracer;
				PRODUCT_NAME = "$(TARGET_NAME)";
			};
			name = Debug;
		};
		4D2BFD5025D38D8C00F8128E /* Release */ = {
			isa = XCBuildConfiguration;
			buildSettings = {
				CLANG_ENABLE_OBJC_WEAK = YES;
				CODE_SIGN_STYLE = Automatic;
				COMBINE_HIDPI_IMAGES = YES;
				INFOPLIST_FILE = testPdfTracer/Info.plist;
				LD_RUNPATH_SEARCH_PATHS = "$(inherited) @executable_path/../Frameworks @loader_path/../Frameworks";
				MTL_FAST_MATH = YES;
				PRODUCT_BUNDLE_IDENTIFIER = net.silicontrip.testPdfTracer;
				PRODUCT_NAME = "$(TARGET_NAME)";
			};
			name = Release;
		};
		4D2BFD5A25D3943B00F8128E /* Debug */ = {
			isa = XCBuildConfiguration;
			buildSettings = {
				CLANG_ENABLE_OBJC_ARC = NO;
				CLANG_ENABLE_OBJC_WEAK = YES;
				CODE_SIGN_STYLE = Automatic;
				COMBINE_HIDPI_IMAGES = YES;
				"HEADER_SEARCH_PATHS[arch=*]" = "/usr/local/Cellar/qpdf/10.1.10/include ";
				INFOPLIST_FILE = testDocumentController/Info.plist;
				LD_RUNPATH_SEARCH_PATHS = "$(inherited) @executable_path/../Frameworks @loader_path/../Frameworks";
				"LIBRARY_SEARCH_PATHS[arch=*]" = /usr/local/Cellar/qpdf/10.1.0/lib;
				MTL_ENABLE_DEBUG_INFO = INCLUDE_SOURCE;
				MTL_FAST_MATH = YES;
				PRODUCT_BUNDLE_IDENTIFIER = net.silicontrip.testDocumentController;
				PRODUCT_NAME = "$(TARGET_NAME)";
			};
			name = Debug;
		};
		4D2BFD5B25D3943B00F8128E /* Release */ = {
			isa = XCBuildConfiguration;
			buildSettings = {
				CLANG_ENABLE_OBJC_ARC = NO;
				CLANG_ENABLE_OBJC_WEAK = YES;
				CODE_SIGN_STYLE = Automatic;
				COMBINE_HIDPI_IMAGES = YES;
				INFOPLIST_FILE = testDocumentController/Info.plist;
				LD_RUNPATH_SEARCH_PATHS = "$(inherited) @executable_path/../Frameworks @loader_path/../Frameworks";
				MTL_FAST_MATH = YES;
				PRODUCT_BUNDLE_IDENTIFIER = net.silicontrip.testDocumentController;
				PRODUCT_NAME = "$(TARGET_NAME)";
			};
			name = Release;
		};
		4D36C05725A2D43F007E0EAD /* Debug */ = {
			isa = XCBuildConfiguration;
			buildSettings = {
				CLANG_ENABLE_OBJC_ARC = NO;
				CLANG_ENABLE_OBJC_WEAK = YES;
				CODE_SIGN_STYLE = Automatic;
				PRODUCT_NAME = "$(TARGET_NAME)";
			};
			name = Debug;
		};
		4D36C05825A2D43F007E0EAD /* Release */ = {
			isa = XCBuildConfiguration;
			buildSettings = {
				CLANG_ENABLE_OBJC_ARC = NO;
				CLANG_ENABLE_OBJC_WEAK = YES;
				CODE_SIGN_STYLE = Automatic;
				PRODUCT_NAME = "$(TARGET_NAME)";
			};
			name = Release;
		};
		4D5BEC3A25CD5951006CBE02 /* Debug */ = {
			isa = XCBuildConfiguration;
			buildSettings = {
				CLANG_ENABLE_OBJC_WEAK = YES;
				CODE_SIGN_STYLE = Automatic;
				MTL_ENABLE_DEBUG_INFO = INCLUDE_SOURCE;
				MTL_FAST_MATH = YES;
				PRODUCT_NAME = "$(TARGET_NAME)";
			};
			name = Debug;
		};
		4D5BEC3B25CD5951006CBE02 /* Release */ = {
			isa = XCBuildConfiguration;
			buildSettings = {
				CLANG_ENABLE_OBJC_WEAK = YES;
				CODE_SIGN_STYLE = Automatic;
				MTL_FAST_MATH = YES;
				PRODUCT_NAME = "$(TARGET_NAME)";
			};
			name = Release;
		};
		4D8EE6FD2598A21C008D2DA2 /* Debug */ = {
			isa = XCBuildConfiguration;
			buildSettings = {
				CLANG_ENABLE_OBJC_ARC = NO;
				CLANG_ENABLE_OBJC_WEAK = YES;
				CODE_SIGN_STYLE = Automatic;
				HEADER_SEARCH_PATHS = /usr/local/Cellar/qpdf/10.1.0/include;
				LIBRARY_SEARCH_PATHS = (
					"$(inherited)",
					/usr/local/Cellar/qpdf/10.1.0/lib,
				);
				PRODUCT_NAME = "$(TARGET_NAME)";
				"PUBLIC_HEADERS_FOLDER_PATH[sdk=*]" = "";
			};
			name = Debug;
		};
		4D8EE6FE2598A21C008D2DA2 /* Release */ = {
			isa = XCBuildConfiguration;
			buildSettings = {
				CLANG_ENABLE_OBJC_ARC = NO;
				CLANG_ENABLE_OBJC_WEAK = YES;
				CODE_SIGN_STYLE = Automatic;
				HEADER_SEARCH_PATHS = /usr/local/Cellar/qpdf/10.1.0/include;
				LIBRARY_SEARCH_PATHS = (
					"$(inherited)",
					/usr/local/Cellar/qpdf/10.1.0/lib,
				);
				PRODUCT_NAME = "$(TARGET_NAME)";
			};
			name = Release;
		};
		4D8EE7182598A27C008D2DA2 /* Debug */ = {
			isa = XCBuildConfiguration;
			buildSettings = {
				CLANG_ENABLE_OBJC_ARC = NO;
				CLANG_ENABLE_OBJC_WEAK = YES;
				CODE_SIGN_STYLE = Automatic;
				PRODUCT_NAME = "$(TARGET_NAME)";
			};
			name = Debug;
		};
		4D8EE7192598A27C008D2DA2 /* Release */ = {
			isa = XCBuildConfiguration;
			buildSettings = {
				CLANG_ENABLE_OBJC_ARC = NO;
				CLANG_ENABLE_OBJC_WEAK = YES;
				CODE_SIGN_STYLE = Automatic;
				PRODUCT_NAME = "$(TARGET_NAME)";
			};
			name = Release;
		};
/* End XCBuildConfiguration section */

/* Begin XCConfigurationList section */
		4D163CE2259879ED00C8C7D3 /* Build configuration list for PBXProject "pdftracer" */ = {
			isa = XCConfigurationList;
			buildConfigurations = (
				4D163CEC259879ED00C8C7D3 /* Debug */,
				4D163CED259879ED00C8C7D3 /* Release */,
			);
			defaultConfigurationIsVisible = 0;
			defaultConfigurationName = Release;
		};
		4D163CEE259879ED00C8C7D3 /* Build configuration list for PBXNativeTarget "pdftracer" */ = {
			isa = XCConfigurationList;
			buildConfigurations = (
				4D163CEF259879ED00C8C7D3 /* Debug */,
				4D163CF0259879ED00C8C7D3 /* Release */,
			);
			defaultConfigurationIsVisible = 0;
			defaultConfigurationName = Release;
		};
		4D2BFD4E25D38D8C00F8128E /* Build configuration list for PBXNativeTarget "testPdfTracer" */ = {
			isa = XCConfigurationList;
			buildConfigurations = (
				4D2BFD4F25D38D8C00F8128E /* Debug */,
				4D2BFD5025D38D8C00F8128E /* Release */,
			);
			defaultConfigurationIsVisible = 0;
			defaultConfigurationName = Release;
		};
		4D2BFD5C25D3943B00F8128E /* Build configuration list for PBXNativeTarget "testDocumentController" */ = {
			isa = XCConfigurationList;
			buildConfigurations = (
				4D2BFD5A25D3943B00F8128E /* Debug */,
				4D2BFD5B25D3943B00F8128E /* Release */,
			);
			defaultConfigurationIsVisible = 0;
			defaultConfigurationName = Release;
		};
		4D36C05625A2D43F007E0EAD /* Build configuration list for PBXNativeTarget "genpdf" */ = {
			isa = XCConfigurationList;
			buildConfigurations = (
				4D36C05725A2D43F007E0EAD /* Debug */,
				4D36C05825A2D43F007E0EAD /* Release */,
			);
			defaultConfigurationIsVisible = 0;
			defaultConfigurationName = Release;
		};
		4D5BEC3925CD5951006CBE02 /* Build configuration list for PBXNativeTarget "testqpdf" */ = {
			isa = XCConfigurationList;
			buildConfigurations = (
				4D5BEC3A25CD5951006CBE02 /* Debug */,
				4D5BEC3B25CD5951006CBE02 /* Release */,
			);
			defaultConfigurationIsVisible = 0;
			defaultConfigurationName = Release;
		};
		4D8EE6FF2598A21C008D2DA2 /* Build configuration list for PBXNativeTarget "parsepdf" */ = {
			isa = XCConfigurationList;
			buildConfigurations = (
				4D8EE6FD2598A21C008D2DA2 /* Debug */,
				4D8EE6FE2598A21C008D2DA2 /* Release */,
			);
			defaultConfigurationIsVisible = 0;
			defaultConfigurationName = Release;
		};
		4D8EE7172598A27C008D2DA2 /* Build configuration list for PBXNativeTarget "psconverter" */ = {
			isa = XCConfigurationList;
			buildConfigurations = (
				4D8EE7182598A27C008D2DA2 /* Debug */,
				4D8EE7192598A27C008D2DA2 /* Release */,
			);
			defaultConfigurationIsVisible = 0;
			defaultConfigurationName = Release;
		};
/* End XCConfigurationList section */
	};
	rootObject = 4D163CDF259879ED00C8C7D3 /* Project object */;
}
